
Microsoft Visual Studio Solution File, Format Version 12.00
# Visual Studio 15
VisualStudioVersion = 15.0.28010.2048
MinimumVisualStudioVersion = 10.0.40219.1
Project("{FAE04EC0-301F-11D3-BF4B-00C04F79EFBC}") = "Service-api-mvc-client", "Service-api-mvc-client\Service-api-mvc-client.csproj", "{1BB0C07B-3434-473A-B195-B0A1B8FAF38C}"
EndProject
Global
	GlobalSection(SolutionConfigurationPlatforms) = preSolution
		Debug|Any CPU = Debug|Any CPU
		Release|Any CPU = Release|Any CPU
	EndGlobalSection
	GlobalSection(ProjectConfigurationPlatforms) = postSolution
		{1BB0C07B-3434-473A-B195-B0A1B8FAF38C}.Debug|Any CPU.ActiveCfg = Debug|Any CPU
		{1BB0C07B-3434-473A-B195-B0A1B8FAF38C}.Debug|Any CPU.Build.0 = Debug|Any CPU
		{1BB0C07B-3434-473A-B195-B0A1B8FAF38C}.Release|Any CPU.ActiveCfg = Release|Any CPU
		{1BB0C07B-3434-473A-B195-B0A1B8FAF38C}.Release|Any CPU.Build.0 = Release|Any CPU
	EndGlobalSection
	GlobalSection(SolutionProperties) = preSolution
		HideSolutionNode = FALSE
	EndGlobalSection
	GlobalSection(ExtensibilityGlobals) = postSolution
		SolutionGuid = {7DE80EEB-7996-4BD0-8BBD-7651E1DB1FD2}
	EndGlobalSection
EndGlobal
